
Microsoft Visual Studio Solution File, Format Version 12.00
# Visual Studio Version 16
VisualStudioVersion = 16.0.31321.278
MinimumVisualStudioVersion = 10.0.40219.1
Project("{9A19103F-16F7-4668-BE54-9A1E7A4F7556}") = "DotnetBoilerplate.API", "src\DotnetBoilerplate.Presentation\DotnetBoilerplate.API.csproj", "{54B29B0B-3A4A-46F1-97D9-3E8EE911589C}"
EndProject
Project("{FAE04EC0-301F-11D3-BF4B-00C04F79EFBC}") = "DotnetBoilerplate.Application", "src\DotnetBoilerplate.Application\DotnetBoilerplate.Application\DotnetBoilerplate.Application.csproj", "{77C052C5-8A45-4949-9B7C-0724EFFCB402}"
EndProject
Project("{FAE04EC0-301F-11D3-BF4B-00C04F79EFBC}") = "DotnetBoilerplate.Domain", "src\DotnetBoilerplate.Domain\DotnetBoilerplate.Domain\DotnetBoilerplate.Domain.csproj", "{28A26382-64E4-47E1-8A70-45CAF3D17869}"
EndProject
Project("{FAE04EC0-301F-11D3-BF4B-00C04F79EFBC}") = "DotnetBoilerplate.Infrastructure", "src\DotnetBoilerplate.Infrastructure\DotnetBoilerplate.Infrastructure\DotnetBoilerplate.Infrastructure.csproj", "{62566466-D260-47FB-AAC5-A1AF8CFFC0AF}"
EndProject
Global
	GlobalSection(SolutionConfigurationPlatforms) = preSolution
		Debug|Any CPU = Debug|Any CPU
		Release|Any CPU = Release|Any CPU
	EndGlobalSection
	GlobalSection(ProjectConfigurationPlatforms) = postSolution
		{54B29B0B-3A4A-46F1-97D9-3E8EE911589C}.Debug|Any CPU.ActiveCfg = Debug|Any CPU
		{54B29B0B-3A4A-46F1-97D9-3E8EE911589C}.Debug|Any CPU.Build.0 = Debug|Any CPU
		{54B29B0B-3A4A-46F1-97D9-3E8EE911589C}.Release|Any CPU.ActiveCfg = Release|Any CPU
		{54B29B0B-3A4A-46F1-97D9-3E8EE911589C}.Release|Any CPU.Build.0 = Release|Any CPU
		{77C052C5-8A45-4949-9B7C-0724EFFCB402}.Debug|Any CPU.ActiveCfg = Debug|Any CPU
		{77C052C5-8A45-4949-9B7C-0724EFFCB402}.Debug|Any CPU.Build.0 = Debug|Any CPU
		{77C052C5-8A45-4949-9B7C-0724EFFCB402}.Release|Any CPU.ActiveCfg = Release|Any CPU
		{77C052C5-8A45-4949-9B7C-0724EFFCB402}.Release|Any CPU.Build.0 = Release|Any CPU
		{28A26382-64E4-47E1-8A70-45CAF3D17869}.Debug|Any CPU.ActiveCfg = Debug|Any CPU
		{28A26382-64E4-47E1-8A70-45CAF3D17869}.Debug|Any CPU.Build.0 = Debug|Any CPU
		{28A26382-64E4-47E1-8A70-45CAF3D17869}.Release|Any CPU.ActiveCfg = Release|Any CPU
		{28A26382-64E4-47E1-8A70-45CAF3D17869}.Release|Any CPU.Build.0 = Release|Any CPU
		{62566466-D260-47FB-AAC5-A1AF8CFFC0AF}.Debug|Any CPU.ActiveCfg = Debug|Any CPU
		{62566466-D260-47FB-AAC5-A1AF8CFFC0AF}.Debug|Any CPU.Build.0 = Debug|Any CPU
		{62566466-D260-47FB-AAC5-A1AF8CFFC0AF}.Release|Any CPU.ActiveCfg = Release|Any CPU
		{62566466-D260-47FB-AAC5-A1AF8CFFC0AF}.Release|Any CPU.Build.0 = Release|Any CPU
	EndGlobalSection
	GlobalSection(SolutionProperties) = preSolution
		HideSolutionNode = FALSE
	EndGlobalSection
	GlobalSection(ExtensibilityGlobals) = postSolution
		SolutionGuid = {77A387B2-349F-4CB3-B759-B6A64C306116}
	EndGlobalSection
EndGlobal
